<?xml version="1.0" encoding="utf-8"?>
<Project ToolsVersion="4.0" xmlns="http://schemas.microsoft.com/developer/msbuild/2003">
  <ItemGroup>
    <Filter Include="core">
      <UniqueIdentifier>{93995380-89BD-4b04-88EB-625FBE52EBFB}</UniqueIdentifier>
      <Extensions>h;hh;hpp;hxx;h++;hm;inl;inc;ipp;xsd</Extensions>
    </Filter>
    <Filter Include="parser">
      <UniqueIdentifier>{e7d9bfd7-7517-4b8a-8e6f-ff4b69a2e96a}</UniqueIdentifier>
    </Filter>
    <Filter Include="ds">
      <UniqueIdentifier>{76df325e-b0b7-4b8b-8780-4cc012a6c6e4}</UniqueIdentifier>
    </Filter>
  </ItemGroup>
  <ItemGroup>
    <ClCompile Include="rclientpp\parser\array_parser.cpp">
      <Filter>parser</Filter>
    </ClCompile>
    <ClCompile Include="rclientpp\parser\base_parser.cpp">
      <Filter>parser</Filter>
    </ClCompile>
    <ClCompile Include="rclientpp\parser\map_parser.cpp">
      <Filter>parser</Filter>
    </ClCompile>
    <ClCompile Include="rclientpp\ds\rd.cpp">
      <Filter>ds</Filter>
    </ClCompile>
    <ClCompile Include="rclientpp\ds\rdhash.cpp">
      <Filter>ds</Filter>
    </ClCompile>
    <ClCompile Include="rclientpp\ds\rdset.cpp">
      <Filter>ds</Filter>
    </ClCompile>
    <ClCompile Include="rclientpp\ds\rdstring.cpp">
      <Filter>ds</Filter>
    </ClCompile>
    <ClCompile Include="rclientpp\ds\sentinel.cpp">
      <Filter>ds</Filter>
    </ClCompile>
    <ClCompile Include="rclientpp\core\async_socket_client.cpp">
      <Filter>core</Filter>
    </ClCompile>
    <ClCompile Include="rclientpp\core\ptr_buffer.cpp">
      <Filter>core</Filter>
    </ClCompile>
    <ClCompile Include="rclientpp\core\rclient.cpp">
      <Filter>core</Filter>
    </ClCompile>
    <ClCompile Include="rclientpp\core\rclient_buffer.cpp">
      <Filter>core</Filter>
    </ClCompile>
    <ClCompile Include="rclientpp\core\rclient_utils.cpp">
      <Filter>core</Filter>
    </ClCompile>
    <ClCompile Include="rclientpp\core\rdef_impl.cpp">
      <Filter>core</Filter>
    </ClCompile>
    <ClCompile Include="rclientpp\core\sock_utils.cpp">
      <Filter>core</Filter>
    </ClCompile>
  </ItemGroup>
  <ItemGroup>
    <ClInclude Include="rclientpp\parser\array_parser.h">
      <Filter>parser</Filter>
    </ClInclude>
    <ClInclude Include="rclientpp\parser\base_parser.h">
      <Filter>parser</Filter>
    </ClInclude>
    <ClInclude Include="rclientpp\parser\map_parser.h">
      <Filter>parser</Filter>
    </ClInclude>
    <ClInclude Include="rclientpp\ds\rd.h">
      <Filter>ds</Filter>
    </ClInclude>
    <ClInclude Include="rclientpp\ds\rdhash.h">
      <Filter>ds</Filter>
    </ClInclude>
    <ClInclude Include="rclientpp\ds\rdset.h">
      <Filter>ds</Filter>
    </ClInclude>
    <ClInclude Include="rclientpp\ds\rdstring.h">
      <Filter>ds</Filter>
    </ClInclude>
    <ClInclude Include="rclientpp\ds\sentinel.h">
      <Filter>ds</Filter>
    </ClInclude>
    <ClInclude Include="rclientpp\core\async_socket_client.h">
      <Filter>core</Filter>
    </ClInclude>
    <ClInclude Include="rclientpp\core\ptr_buffer.h">
      <Filter>core</Filter>
    </ClInclude>
    <ClInclude Include="rclientpp\core\rclient.h">
      <Filter>core</Filter>
    </ClInclude>
    <ClInclude Include="rclientpp\core\rclient_buffer.h">
      <Filter>core</Filter>
    </ClInclude>
    <ClInclude Include="rclientpp\core\rclient_def.h">
      <Filter>core</Filter>
    </ClInclude>
    <ClInclude Include="rclientpp\core\rclient_utils.h">
      <Filter>core</Filter>
    </ClInclude>
    <ClInclude Include="rclientpp\core\sock_utils.h">
      <Filter>core</Filter>
    </ClInclude>
  </ItemGroup>
</Project>